github.com/Swmiao1/tarstools v0.1.1 h1:52CWmmO+gyhv8+lhzz4pj8OHeCNiihbRR8Kpbadr9wk=
github.com/Swmiao1/tarstools v0.1.1/go.mod h1:odf+SzQ/INILRNQGa3Q+DTKehpmfPzTbzSUbG8C7508=
github.com/axgle/mahonia v0.0.0-20180208002826-3358181d7394 h1:OYA+5W64v3OgClL+IrOD63t4i/RW7RqrAVl9LTZ9UqQ=
github.com/axgle/mahonia v0.0.0-20180208002826-3358181d7394/go.mod h1:Q8n74mJTIgjX4RBBcHnJ05h//6/k6foqmgE45jTQtxg=
github.com/verybluebot/tarinator-go v0.0.0-20190613183509-5ab4e1193986 h1:pFh6wk4dkvzAiZ1JzORQwb619UgQ1pnH8pzWYxSdLEk=
github.com/verybluebot/tarinator-go v0.0.0-20190613183509-5ab4e1193986/go.mod h1:v+ikNPI3NYAXL543f7pGjjB5BZIn50pe+eq4N67vyFE=
